dependencies:
  espressif/cmake_utilities:
    component_hash: c3f351bed6fdb3d91bee6076740cb13d22e2c7bfcdd78969a65b46943885bbd4
    source:
      service_url: https://api.components.espressif.com/
      type: service
    version: 0.5.2
  espressif/esp_lcd_spd2010:
    component_hash: 68455344c3224281624cc2e5412fabe2bbf52cf6e0e36d05e9c70bd15f944ed8
    source:
      service_url: https://api.components.espressif.com/
      type: service
    version: 0.0.2
  espressif/esp_lcd_touch:
    component_hash: 6cc76832cda51d73353a7e8d7aa07073d6cdb75b1ad66e2d98badd768f6c830a
    source:
      service_url: https://api.components.espressif.com/
      type: service
    version: 1.1.0
  espressif/esp_lcd_touch_spd2010:
    component_hash: 62f76d1f2c7ba4f11ff51746b8e62269ea4a3d2a774070f9ad606105a560f72f
    source:
      service_url: https://api.components.espressif.com/
      type: service
    version: 0.0.1
  idf:
    component_hash: null
    source:
      type: idf
    version: 5.1.1
  lvgl/lvgl:
    component_hash: 51022b16bce6ee90f54a8bd21cd6d497d886916899b577b1bebb9125b91e23fc
    source:
      service_url: https://api.components.espressif.com/
      type: service
    version: 8.3.10
manifest_hash: 72a413711c76117097c1a65eba5b984a352b60056dc82e1c25762782fd6c4826
target: esp32s3
version: 1.0.0
